
Microsoft Visual Studio Solution File, Format Version 12.00
# Visual Studio Version 17
VisualStudioVersion = 17.14.36408.4 d17.14
MinimumVisualStudioVersion = 10.0.40219.1
Project("{FAE04EC0-301F-11D3-BF4B-00C04F79EFBC}") = "FIAPOracleDB", "FIAPOracleDB.csproj", "{DBE13656-7280-499A-9C4C-515E9F7048B8}"
EndProject
Global
	GlobalSection(SolutionConfigurationPlatforms) = preSolution
		Debug|Any CPU = Debug|Any CPU
		Release|Any CPU = Release|Any CPU
	EndGlobalSection
	GlobalSection(ProjectConfigurationPlatforms) = postSolution
		{DBE13656-7280-499A-9C4C-515E9F7048B8}.Debug|Any CPU.ActiveCfg = Debug|Any CPU
		{DBE13656-7280-499A-9C4C-515E9F7048B8}.Debug|Any CPU.Build.0 = Debug|Any CPU
		{DBE13656-7280-499A-9C4C-515E9F7048B8}.Release|Any CPU.ActiveCfg = Release|Any CPU
		{DBE13656-7280-499A-9C4C-515E9F7048B8}.Release|Any CPU.Build.0 = Release|Any CPU
	EndGlobalSection
	GlobalSection(SolutionProperties) = preSolution
		HideSolutionNode = FALSE
	EndGlobalSection
	GlobalSection(ExtensibilityGlobals) = postSolution
		SolutionGuid = {B774C665-7BA8-428D-A110-D8A4F97A9781}
	EndGlobalSection
EndGlobal
